
Microsoft Visual Studio Solution File, Format Version 12.00
# Visual Studio 15
VisualStudioVersion = 15.0.27004.2002
MinimumVisualStudioVersion = 10.0.40219.1
Project("{8BC9CEB8-8B4A-11D0-8D11-00A0C91BC942}") = "Engine", "Engine\Engine.vcxproj", "{BD0EE699-718A-4AC5-B159-C7CD34ED900B}"
EndProject
Project("{8BC9CEB8-8B4A-11D0-8D11-00A0C91BC942}") = "Game", "Game\Game.vcxproj", "{759434E6-34BB-4056-AAA9-03A4B271CB00}"
EndProject
Global
	GlobalSection(SolutionConfigurationPlatforms) = preSolution
		Debug|x64 = Debug|x64
		Debug|x86 = Debug|x86
		Release|x64 = Release|x64
		Release|x86 = Release|x86
	EndGlobalSection
	GlobalSection(ProjectConfigurationPlatforms) = postSolution
		{BD0EE699-718A-4AC5-B159-C7CD34ED900B}.Debug|x64.ActiveCfg = Debug|x64
		{BD0EE699-718A-4AC5-B159-C7CD34ED900B}.Debug|x64.Build.0 = Debug|x64
		{BD0EE699-718A-4AC5-B159-C7CD34ED900B}.Debug|x86.ActiveCfg = Debug|Win32
		{BD0EE699-718A-4AC5-B159-C7CD34ED900B}.Debug|x86.Build.0 = Debug|Win32
		{BD0EE699-718A-4AC5-B159-C7CD34ED900B}.Release|x64.ActiveCfg = Release|x64
		{BD0EE699-718A-4AC5-B159-C7CD34ED900B}.Release|x64.Build.0 = Release|x64
		{BD0EE699-718A-4AC5-B159-C7CD34ED900B}.Release|x86.ActiveCfg = Release|Win32
		{BD0EE699-718A-4AC5-B159-C7CD34ED900B}.Release|x86.Build.0 = Release|Win32
		{759434E6-34BB-4056-AAA9-03A4B271CB00}.Debug|x64.ActiveCfg = Debug|x64
		{759434E6-34BB-4056-AAA9-03A4B271CB00}.Debug|x64.Build.0 = Debug|x64
		{759434E6-34BB-4056-AAA9-03A4B271CB00}.Debug|x86.ActiveCfg = Debug|Win32
		{759434E6-34BB-4056-AAA9-03A4B271CB00}.Debug|x86.Build.0 = Debug|Win32
		{759434E6-34BB-4056-AAA9-03A4B271CB00}.Release|x64.ActiveCfg = Release|x64
		{759434E6-34BB-4056-AAA9-03A4B271CB00}.Release|x64.Build.0 = Release|x64
		{759434E6-34BB-4056-AAA9-03A4B271CB00}.Release|x86.ActiveCfg = Release|Win32
		{759434E6-34BB-4056-AAA9-03A4B271CB00}.Release|x86.Build.0 = Release|Win32
	EndGlobalSection
	GlobalSection(SolutionProperties) = preSolution
		HideSolutionNode = FALSE
	EndGlobalSection
	GlobalSection(ExtensibilityGlobals) = postSolution
		SolutionGuid = {D134B118-48FE-46A8-9301-53D48E399BD0}
	EndGlobalSection
EndGlobal
